{
  "name": "openqa-nav",
  "version": "1.0.0",
  "lockfileVersion": 3,
  "requires": true,
  "packages": {
    "": {
      "name": "openqa-nav",
      "version": "1.0.0",
      "license": "ISC",
      "devDependencies": {
        "chrome-types": "^0.1.401"
      }
    },
    "node_modules/chrome-types": {
      "version": "0.1.401",
      "resolved": "https://registry.npmjs.org/chrome-types/-/chrome-types-0.1.401.tgz",
      "integrity": "sha512-nT/t+acgoMxWmHmT2/gwhpbgN+1CJ2tBZn5pxw9tAg5gkDu4m7wlG6HmXofmkHmqWGKI3Tgk0ixmwB/OnXLPTw==",
      "dev": true,
      "license": "Apache-2.0"
    }
  }
}
